
Microsoft Visual Studio Solution File, Format Version 12.00
# Visual Studio Version 17
VisualStudioVersion = 17.9.34616.47
MinimumVisualStudioVersion = 10.0.40219.1
Project("{9A19103F-16F7-4668-BE54-9A1E7A4F7556}") = "sk-tutorial-01", "sk-tutorial-01\sk-tutorial-01.csproj", "{A0E23176-11EA-4B41-A761-9C8EA40FB33F}"
EndProject
Project("{2150E333-8FDC-42A3-9474-1A3956D46DE8}") = "Solution Items", "Solution Items", "{4FA67AEA-2363-4531-BD30-D1B81EC29D29}"
	ProjectSection(SolutionItems) = preProject
		.editorconfig = .editorconfig
		support\ConsoleHelper.cs = support\ConsoleHelper.cs
	EndProjectSection
EndProject
Project("{9A19103F-16F7-4668-BE54-9A1E7A4F7556}") = "sk-tutorial-02", "sk-tutorial-02\sk-tutorial-02.csproj", "{77AF56CE-7FBA-4AFB-9F36-B390718E0E3F}"
EndProject
Project("{9A19103F-16F7-4668-BE54-9A1E7A4F7556}") = "sk-tutorial-03", "sk-tutorial-03\sk-tutorial-03.csproj", "{E9C59BEE-4C8E-410E-BE9F-5F6A9AEEC253}"
EndProject
Project("{2150E333-8FDC-42A3-9474-1A3956D46DE8}") = "PlugIns", "PlugIns", "{251F031B-212D-4E29-8150-1AC2EC603587}"
EndProject
Project("{2150E333-8FDC-42A3-9474-1A3956D46DE8}") = "Question", "Question", "{45430BD3-06D2-4AEF-926F-8DA47C5189A3}"
	ProjectSection(SolutionItems) = preProject
		plugins\Question\config.json = plugins\Question\config.json
		plugins\Question\skprompt.txt = plugins\Question\skprompt.txt
		plugins\Question\skprompt.txt.json = plugins\Question\skprompt.txt.json
	EndProjectSection
EndProject
Project("{9A19103F-16F7-4668-BE54-9A1E7A4F7556}") = "sk-tutorial-04", "sk-tutorial-04\sk-tutorial-04.csproj", "{D7FCD9E2-B497-48F8-810D-40B0CAB6C140}"
EndProject
Project("{2150E333-8FDC-42A3-9474-1A3956D46DE8}") = "SuperHeroJoke", "SuperHeroJoke", "{C532D586-ECD4-4934-9879-A36B7CD4531D}"
	ProjectSection(SolutionItems) = preProject
		plugins\SuperHeroJoke\config.json = plugins\SuperHeroJoke\config.json
		plugins\SuperHeroJoke\skprompt.txt = plugins\SuperHeroJoke\skprompt.txt
	EndProjectSection
EndProject
Project("{9A19103F-16F7-4668-BE54-9A1E7A4F7556}") = "sk-tutorial-05", "sk-tutorial-05\sk-tutorial-05.csproj", "{50AF91B4-BE12-469D-828C-035227B952A6}"
EndProject
Project("{9A19103F-16F7-4668-BE54-9A1E7A4F7556}") = "sk-tutorial-06", "sk-tutorial-06\sk-tutorial-06.csproj", "{80D99EC8-56F4-4678-8976-1F446A0B6203}"
EndProject
Project("{9A19103F-16F7-4668-BE54-9A1E7A4F7556}") = "sk-tutorial-07", "sk-tutorial-07\sk-tutorial-07.csproj", "{3EB10F39-7422-40D9-843B-862ACD6CC5E5}"
EndProject
Project("{9A19103F-16F7-4668-BE54-9A1E7A4F7556}") = "sk-tutorial-08", "sk-tutorial-08\sk-tutorial-08.csproj", "{C903AC6F-932B-46A1-A1E6-4A1226164142}"
EndProject
Project("{9A19103F-16F7-4668-BE54-9A1E7A4F7556}") = "sk-superheroes-10", "sk-superheroes-10\sk-superheroes-10.csproj", "{BE3DC43C-BD19-488F-A651-44363F4DDFBF}"
EndProject
Project("{2150E333-8FDC-42A3-9474-1A3956D46DE8}") = "Joke", "Joke", "{F2378C9C-3786-4CEF-9011-C3EC98E162FB}"
	ProjectSection(SolutionItems) = preProject
		plugins\Joke\config.json = plugins\Joke\config.json
		plugins\Joke\skprompt.txt = plugins\Joke\skprompt.txt
	EndProjectSection
EndProject
Project("{9A19103F-16F7-4668-BE54-9A1E7A4F7556}") = "sk-tutorial-09", "sk-tutorial-09\sk-tutorial-09.csproj", "{CC13AE12-FA5A-47EB-BACA-9A600950E9F1}"
EndProject
Project("{9A19103F-16F7-4668-BE54-9A1E7A4F7556}") = "sk-tutorial-10", "sk-tutorial-10\sk-tutorial-10.csproj", "{48184104-457D-4B0B-B7E7-62ACA87E5CA5}"
EndProject
Project("{9A19103F-16F7-4668-BE54-9A1E7A4F7556}") = "sk-tutorial-11", "sk-tutorial-11\sk-tutorial-11.csproj", "{A0F1BBA5-52FE-45FD-B70F-232001ED1D85}"
EndProject
Project("{9A19103F-16F7-4668-BE54-9A1E7A4F7556}") = "sk-tutorial-12", "sk-tutorial-12\sk-tutorial-12.csproj", "{C397056A-B94D-4A21-8BE3-5158F14D8429}"
EndProject
Project("{9A19103F-16F7-4668-BE54-9A1E7A4F7556}") = "sk-tutorial-14", "sk-tutorial-14\sk-tutorial-14.csproj", "{FF00B59D-D345-45A0-9CB2-84DAF42DCE5C}"
EndProject
Project("{9A19103F-16F7-4668-BE54-9A1E7A4F7556}") = "sk-tutorial-15", "sk-tutorial-15\sk-tutorial-15.csproj", "{4D786543-ACE9-4175-8A5F-835B50CB749E}"
EndProject
Project("{9A19103F-16F7-4668-BE54-9A1E7A4F7556}") = "sk-tutorial-16", "sk-tutorial-16\sk-tutorial-16.csproj", "{5B85DE48-B2C4-4F1A-B63B-8EC7C903074E}"
EndProject
Project("{9A19103F-16F7-4668-BE54-9A1E7A4F7556}") = "sk-tutorial-17", "sk-tutorial-17\sk-tutorial-17.csproj", "{803A0925-ECFB-4D52-8E15-F42A8A94EB3D}"
EndProject
Project("{9A19103F-16F7-4668-BE54-9A1E7A4F7556}") = "sk-tutorial-18", "sk-tutorial-18\sk-tutorial-18.csproj", "{A1428C71-4ED0-4A0A-BDFE-BDCFF8D9BC6D}"
EndProject
Project("{2150E333-8FDC-42A3-9474-1A3956D46DE8}") = "RAG", "RAG", "{4BCB36B3-CC83-4460-A1DB-9BE0117D90D0}"
EndProject
Project("{2150E333-8FDC-42A3-9474-1A3956D46DE8}") = "SK Native Functions", "SK Native Functions", "{0F9A64E4-1ED3-40ED-9968-2E7C0408506C}"
EndProject
Project("{2150E333-8FDC-42A3-9474-1A3956D46DE8}") = "Chat Sample", "Chat Sample", "{36C0C32D-1682-45D7-9581-FD36895C21F7}"
EndProject
Project("{2150E333-8FDC-42A3-9474-1A3956D46DE8}") = "Plugins Sample", "Plugins Sample", "{72E1E6A9-3E38-4772-B29E-AF1163A482B1}"
EndProject
Project("{2150E333-8FDC-42A3-9474-1A3956D46DE8}") = "Super Hero", "Super Hero", "{AC05B15A-3BBA-43C6-97E4-563C0060EC3E}"
EndProject
Project("{2150E333-8FDC-42A3-9474-1A3956D46DE8}") = "Memory Samples", "Memory Samples", "{949EC42D-9726-45BE-9FE8-36CDAFB48835}"
EndProject
Project("{2150E333-8FDC-42A3-9474-1A3956D46DE8}") = "Memory Azure AI Search", "Memory Azure AI Search", "{94A12B5F-8C54-4D39-A70A-12AFE42EBEDB}"
EndProject
Project("{2150E333-8FDC-42A3-9474-1A3956D46DE8}") = "Prompt Samples", "Prompt Samples", "{BB3B99B6-5D1D-4A2A-84E7-B19207DC0CD6}"
EndProject
Project("{2150E333-8FDC-42A3-9474-1A3956D46DE8}") = "Planner Samples", "Planner Samples", "{867A04E1-D902-428A-A825-41AB92A1250C}"
EndProject
Project("{2150E333-8FDC-42A3-9474-1A3956D46DE8}") = "Azure AI Search", "Azure AI Search", "{B01C8328-120C-46F2-9931-DDF4073ADAF9}"
EndProject
Project("{9A19103F-16F7-4668-BE54-9A1E7A4F7556}") = "skPlanner01", "skPlanner01\skPlanner01.csproj", "{8CF2F550-C3D5-4986-9996-1E78D5AF0C1D}"
EndProject
Project("{9A19103F-16F7-4668-BE54-9A1E7A4F7556}") = "sk-aoaichat-qa01", "sk-aoaichat-qa01\sk-aoaichat-qa01.csproj", "{3088BE35-070A-4423-8DB0-6B32748017D1}"
EndProject
Project("{9A19103F-16F7-4668-BE54-9A1E7A4F7556}") = "LabsPhi3_sk_rag02", "LabsPhi3_sk_rag02\LabsPhi3_sk_rag02.csproj", "{D58760E5-DFC9-4300-9119-505955EF519A}"
EndProject
Project("{2150E333-8FDC-42A3-9474-1A3956D46DE8}") = "ONNX", "ONNX", "{50529559-96F0-455E-AC09-3F6E1DFDA922}"
EndProject
Project("{9A19103F-16F7-4668-BE54-9A1E7A4F7556}") = "Connectors.OnnxRuntimeGenAI", "SemanticKernel.Connectors.OnnxRuntimeGenAI\Connectors.OnnxRuntimeGenAI.csproj", "{172EC9E9-E19B-4568-A8A4-B15B676382FC}"
EndProject
Global
	GlobalSection(SolutionConfigurationPlatforms) = preSolution
		Debug_Cuda|Any CPU = Debug_Cuda|Any CPU
		Debug_DirectML|Any CPU = Debug_DirectML|Any CPU
		Debug|Any CPU = Debug|Any CPU
		Release_Cuda|Any CPU = Release_Cuda|Any CPU
		Release_DirectML|Any CPU = Release_DirectML|Any CPU
		Release|Any CPU = Release|Any CPU
	EndGlobalSection
	GlobalSection(ProjectConfigurationPlatforms) = postSolution
		{A0E23176-11EA-4B41-A761-9C8EA40FB33F}.Debug_Cuda|Any CPU.ActiveCfg = Debug|Any CPU
		{A0E23176-11EA-4B41-A761-9C8EA40FB33F}.Debug_Cuda|Any CPU.Build.0 = Debug|Any CPU
		{A0E23176-11EA-4B41-A761-9C8EA40FB33F}.Debug_DirectML|Any CPU.ActiveCfg = Debug|Any CPU
		{A0E23176-11EA-4B41-A761-9C8EA40FB33F}.Debug_DirectML|Any CPU.Build.0 = Debug|Any CPU
		{A0E23176-11EA-4B41-A761-9C8EA40FB33F}.Debug|Any CPU.ActiveCfg = Debug|Any CPU
		{A0E23176-11EA-4B41-A761-9C8EA40FB33F}.Debug|Any CPU.Build.0 = Debug|Any CPU
		{A0E23176-11EA-4B41-A761-9C8EA40FB33F}.Release_Cuda|Any CPU.ActiveCfg = Release|Any CPU
		{A0E23176-11EA-4B41-A761-9C8EA40FB33F}.Release_Cuda|Any CPU.Build.0 = Release|Any CPU
		{A0E23176-11EA-4B41-A761-9C8EA40FB33F}.Release_DirectML|Any CPU.ActiveCfg = Release|Any CPU
		{A0E23176-11EA-4B41-A761-9C8EA40FB33F}.Release_DirectML|Any CPU.Build.0 = Release|Any CPU
		{A0E23176-11EA-4B41-A761-9C8EA40FB33F}.Release|Any CPU.ActiveCfg = Release|Any CPU
		{A0E23176-11EA-4B41-A761-9C8EA40FB33F}.Release|Any CPU.Build.0 = Release|Any CPU
		{77AF56CE-7FBA-4AFB-9F36-B390718E0E3F}.Debug_Cuda|Any CPU.ActiveCfg = Debug|Any CPU
		{77AF56CE-7FBA-4AFB-9F36-B390718E0E3F}.Debug_Cuda|Any CPU.Build.0 = Debug|Any CPU
		{77AF56CE-7FBA-4AFB-9F36-B390718E0E3F}.Debug_DirectML|Any CPU.ActiveCfg = Debug|Any CPU
		{77AF56CE-7FBA-4AFB-9F36-B390718E0E3F}.Debug_DirectML|Any CPU.Build.0 = Debug|Any CPU
		{77AF56CE-7FBA-4AFB-9F36-B390718E0E3F}.Debug|Any CPU.ActiveCfg = Debug|Any CPU
		{77AF56CE-7FBA-4AFB-9F36-B390718E0E3F}.Debug|Any CPU.Build.0 = Debug|Any CPU
		{77AF56CE-7FBA-4AFB-9F36-B390718E0E3F}.Release_Cuda|Any CPU.ActiveCfg = Release|Any CPU
		{77AF56CE-7FBA-4AFB-9F36-B390718E0E3F}.Release_Cuda|Any CPU.Build.0 = Release|Any CPU
		{77AF56CE-7FBA-4AFB-9F36-B390718E0E3F}.Release_DirectML|Any CPU.ActiveCfg = Release|Any CPU
		{77AF56CE-7FBA-4AFB-9F36-B390718E0E3F}.Release_DirectML|Any CPU.Build.0 = Release|Any CPU
		{77AF56CE-7FBA-4AFB-9F36-B390718E0E3F}.Release|Any CPU.ActiveCfg = Release|Any CPU
		{77AF56CE-7FBA-4AFB-9F36-B390718E0E3F}.Release|Any CPU.Build.0 = Release|Any CPU
		{E9C59BEE-4C8E-410E-BE9F-5F6A9AEEC253}.Debug_Cuda|Any CPU.ActiveCfg = Debug|Any CPU
		{E9C59BEE-4C8E-410E-BE9F-5F6A9AEEC253}.Debug_Cuda|Any CPU.Build.0 = Debug|Any CPU
		{E9C59BEE-4C8E-410E-BE9F-5F6A9AEEC253}.Debug_DirectML|Any CPU.ActiveCfg = Debug|Any CPU
		{E9C59BEE-4C8E-410E-BE9F-5F6A9AEEC253}.Debug_DirectML|Any CPU.Build.0 = Debug|Any CPU
		{E9C59BEE-4C8E-410E-BE9F-5F6A9AEEC253}.Debug|Any CPU.ActiveCfg = Debug|Any CPU
		{E9C59BEE-4C8E-410E-BE9F-5F6A9AEEC253}.Debug|Any CPU.Build.0 = Debug|Any CPU
		{E9C59BEE-4C8E-410E-BE9F-5F6A9AEEC253}.Release_Cuda|Any CPU.ActiveCfg = Release|Any CPU
		{E9C59BEE-4C8E-410E-BE9F-5F6A9AEEC253}.Release_Cuda|Any CPU.Build.0 = Release|Any CPU
		{E9C59BEE-4C8E-410E-BE9F-5F6A9AEEC253}.Release_DirectML|Any CPU.ActiveCfg = Release|Any CPU
		{E9C59BEE-4C8E-410E-BE9F-5F6A9AEEC253}.Release_DirectML|Any CPU.Build.0 = Release|Any CPU
		{E9C59BEE-4C8E-410E-BE9F-5F6A9AEEC253}.Release|Any CPU.ActiveCfg = Release|Any CPU
		{E9C59BEE-4C8E-410E-BE9F-5F6A9AEEC253}.Release|Any CPU.Build.0 = Release|Any CPU
		{D7FCD9E2-B497-48F8-810D-40B0CAB6C140}.Debug_Cuda|Any CPU.ActiveCfg = Debug|Any CPU
		{D7FCD9E2-B497-48F8-810D-40B0CAB6C140}.Debug_Cuda|Any CPU.Build.0 = Debug|Any CPU
		{D7FCD9E2-B497-48F8-810D-40B0CAB6C140}.Debug_DirectML|Any CPU.ActiveCfg = Debug|Any CPU
		{D7FCD9E2-B497-48F8-810D-40B0CAB6C140}.Debug_DirectML|Any CPU.Build.0 = Debug|Any CPU
		{D7FCD9E2-B497-48F8-810D-40B0CAB6C140}.Debug|Any CPU.ActiveCfg = Debug|Any CPU
		{D7FCD9E2-B497-48F8-810D-40B0CAB6C140}.Debug|Any CPU.Build.0 = Debug|Any CPU
		{D7FCD9E2-B497-48F8-810D-40B0CAB6C140}.Release_Cuda|Any CPU.ActiveCfg = Release|Any CPU
		{D7FCD9E2-B497-48F8-810D-40B0CAB6C140}.Release_Cuda|Any CPU.Build.0 = Release|Any CPU
		{D7FCD9E2-B497-48F8-810D-40B0CAB6C140}.Release_DirectML|Any CPU.ActiveCfg = Release|Any CPU
		{D7FCD9E2-B497-48F8-810D-40B0CAB6C140}.Release_DirectML|Any CPU.Build.0 = Release|Any CPU
		{D7FCD9E2-B497-48F8-810D-40B0CAB6C140}.Release|Any CPU.ActiveCfg = Release|Any CPU
		{D7FCD9E2-B497-48F8-810D-40B0CAB6C140}.Release|Any CPU.Build.0 = Release|Any CPU
		{50AF91B4-BE12-469D-828C-035227B952A6}.Debug_Cuda|Any CPU.ActiveCfg = Debug|Any CPU
		{50AF91B4-BE12-469D-828C-035227B952A6}.Debug_Cuda|Any CPU.Build.0 = Debug|Any CPU
		{50AF91B4-BE12-469D-828C-035227B952A6}.Debug_DirectML|Any CPU.ActiveCfg = Debug|Any CPU
		{50AF91B4-BE12-469D-828C-035227B952A6}.Debug_DirectML|Any CPU.Build.0 = Debug|Any CPU
		{50AF91B4-BE12-469D-828C-035227B952A6}.Debug|Any CPU.ActiveCfg = Debug|Any CPU
		{50AF91B4-BE12-469D-828C-035227B952A6}.Debug|Any CPU.Build.0 = Debug|Any CPU
		{50AF91B4-BE12-469D-828C-035227B952A6}.Release_Cuda|Any CPU.ActiveCfg = Release|Any CPU
		{50AF91B4-BE12-469D-828C-035227B952A6}.Release_Cuda|Any CPU.Build.0 = Release|Any CPU
		{50AF91B4-BE12-469D-828C-035227B952A6}.Release_DirectML|Any CPU.ActiveCfg = Release|Any CPU
		{50AF91B4-BE12-469D-828C-035227B952A6}.Release_DirectML|Any CPU.Build.0 = Release|Any CPU
		{50AF91B4-BE12-469D-828C-035227B952A6}.Release|Any CPU.ActiveCfg = Release|Any CPU
		{50AF91B4-BE12-469D-828C-035227B952A6}.Release|Any CPU.Build.0 = Release|Any CPU
		{80D99EC8-56F4-4678-8976-1F446A0B6203}.Debug_Cuda|Any CPU.ActiveCfg = Debug|Any CPU
		{80D99EC8-56F4-4678-8976-1F446A0B6203}.Debug_Cuda|Any CPU.Build.0 = Debug|Any CPU
		{80D99EC8-56F4-4678-8976-1F446A0B6203}.Debug_DirectML|Any CPU.ActiveCfg = Debug|Any CPU
		{80D99EC8-56F4-4678-8976-1F446A0B6203}.Debug_DirectML|Any CPU.Build.0 = Debug|Any CPU
		{80D99EC8-56F4-4678-8976-1F446A0B6203}.Debug|Any CPU.ActiveCfg = Debug|Any CPU
		{80D99EC8-56F4-4678-8976-1F446A0B6203}.Debug|Any CPU.Build.0 = Debug|Any CPU
		{80D99EC8-56F4-4678-8976-1F446A0B6203}.Release_Cuda|Any CPU.ActiveCfg = Release|Any CPU
		{80D99EC8-56F4-4678-8976-1F446A0B6203}.Release_Cuda|Any CPU.Build.0 = Release|Any CPU
		{80D99EC8-56F4-4678-8976-1F446A0B6203}.Release_DirectML|Any CPU.ActiveCfg = Release|Any CPU
		{80D99EC8-56F4-4678-8976-1F446A0B6203}.Release_DirectML|Any CPU.Build.0 = Release|Any CPU
		{80D99EC8-56F4-4678-8976-1F446A0B6203}.Release|Any CPU.ActiveCfg = Release|Any CPU
		{80D99EC8-56F4-4678-8976-1F446A0B6203}.Release|Any CPU.Build.0 = Release|Any CPU
		{3EB10F39-7422-40D9-843B-862ACD6CC5E5}.Debug_Cuda|Any CPU.ActiveCfg = Debug|Any CPU
		{3EB10F39-7422-40D9-843B-862ACD6CC5E5}.Debug_Cuda|Any CPU.Build.0 = Debug|Any CPU
		{3EB10F39-7422-40D9-843B-862ACD6CC5E5}.Debug_DirectML|Any CPU.ActiveCfg = Debug|Any CPU
		{3EB10F39-7422-40D9-843B-862ACD6CC5E5}.Debug_DirectML|Any CPU.Build.0 = Debug|Any CPU
		{3EB10F39-7422-40D9-843B-862ACD6CC5E5}.Debug|Any CPU.ActiveCfg = Debug|Any CPU
		{3EB10F39-7422-40D9-843B-862ACD6CC5E5}.Debug|Any CPU.Build.0 = Debug|Any CPU
		{3EB10F39-7422-40D9-843B-862ACD6CC5E5}.Release_Cuda|Any CPU.ActiveCfg = Release|Any CPU
		{3EB10F39-7422-40D9-843B-862ACD6CC5E5}.Release_Cuda|Any CPU.Build.0 = Release|Any CPU
		{3EB10F39-7422-40D9-843B-862ACD6CC5E5}.Release_DirectML|Any CPU.ActiveCfg = Release|Any CPU
		{3EB10F39-7422-40D9-843B-862ACD6CC5E5}.Release_DirectML|Any CPU.Build.0 = Release|Any CPU
		{3EB10F39-7422-40D9-843B-862ACD6CC5E5}.Release|Any CPU.ActiveCfg = Release|Any CPU
		{3EB10F39-7422-40D9-843B-862ACD6CC5E5}.Release|Any CPU.Build.0 = Release|Any CPU
		{C903AC6F-932B-46A1-A1E6-4A1226164142}.Debug_Cuda|Any CPU.ActiveCfg = Debug|Any CPU
		{C903AC6F-932B-46A1-A1E6-4A1226164142}.Debug_Cuda|Any CPU.Build.0 = Debug|Any CPU
		{C903AC6F-932B-46A1-A1E6-4A1226164142}.Debug_DirectML|Any CPU.ActiveCfg = Debug|Any CPU
		{C903AC6F-932B-46A1-A1E6-4A1226164142}.Debug_DirectML|Any CPU.Build.0 = Debug|Any CPU
		{C903AC6F-932B-46A1-A1E6-4A1226164142}.Debug|Any CPU.ActiveCfg = Debug|Any CPU
		{C903AC6F-932B-46A1-A1E6-4A1226164142}.Debug|Any CPU.Build.0 = Debug|Any CPU
		{C903AC6F-932B-46A1-A1E6-4A1226164142}.Release_Cuda|Any CPU.ActiveCfg = Release|Any CPU
		{C903AC6F-932B-46A1-A1E6-4A1226164142}.Release_Cuda|Any CPU.Build.0 = Release|Any CPU
		{C903AC6F-932B-46A1-A1E6-4A1226164142}.Release_DirectML|Any CPU.ActiveCfg = Release|Any CPU
		{C903AC6F-932B-46A1-A1E6-4A1226164142}.Release_DirectML|Any CPU.Build.0 = Release|Any CPU
		{C903AC6F-932B-46A1-A1E6-4A1226164142}.Release|Any CPU.ActiveCfg = Release|Any CPU
		{C903AC6F-932B-46A1-A1E6-4A1226164142}.Release|Any CPU.Build.0 = Release|Any CPU
		{BE3DC43C-BD19-488F-A651-44363F4DDFBF}.Debug_Cuda|Any CPU.ActiveCfg = Debug|Any CPU
		{BE3DC43C-BD19-488F-A651-44363F4DDFBF}.Debug_Cuda|Any CPU.Build.0 = Debug|Any CPU
		{BE3DC43C-BD19-488F-A651-44363F4DDFBF}.Debug_DirectML|Any CPU.ActiveCfg = Debug|Any CPU
		{BE3DC43C-BD19-488F-A651-44363F4DDFBF}.Debug_DirectML|Any CPU.Build.0 = Debug|Any CPU
		{BE3DC43C-BD19-488F-A651-44363F4DDFBF}.Debug|Any CPU.ActiveCfg = Debug|Any CPU
		{BE3DC43C-BD19-488F-A651-44363F4DDFBF}.Debug|Any CPU.Build.0 = Debug|Any CPU
		{BE3DC43C-BD19-488F-A651-44363F4DDFBF}.Release_Cuda|Any CPU.ActiveCfg = Release|Any CPU
		{BE3DC43C-BD19-488F-A651-44363F4DDFBF}.Release_Cuda|Any CPU.Build.0 = Release|Any CPU
		{BE3DC43C-BD19-488F-A651-44363F4DDFBF}.Release_DirectML|Any CPU.ActiveCfg = Release|Any CPU
		{BE3DC43C-BD19-488F-A651-44363F4DDFBF}.Release_DirectML|Any CPU.Build.0 = Release|Any CPU
		{BE3DC43C-BD19-488F-A651-44363F4DDFBF}.Release|Any CPU.ActiveCfg = Release|Any CPU
		{BE3DC43C-BD19-488F-A651-44363F4DDFBF}.Release|Any CPU.Build.0 = Release|Any CPU
		{CC13AE12-FA5A-47EB-BACA-9A600950E9F1}.Debug_Cuda|Any CPU.ActiveCfg = Debug|Any CPU
		{CC13AE12-FA5A-47EB-BACA-9A600950E9F1}.Debug_Cuda|Any CPU.Build.0 = Debug|Any CPU
		{CC13AE12-FA5A-47EB-BACA-9A600950E9F1}.Debug_DirectML|Any CPU.ActiveCfg = Debug|Any CPU
		{CC13AE12-FA5A-47EB-BACA-9A600950E9F1}.Debug_DirectML|Any CPU.Build.0 = Debug|Any CPU
		{CC13AE12-FA5A-47EB-BACA-9A600950E9F1}.Debug|Any CPU.ActiveCfg = Debug|Any CPU
		{CC13AE12-FA5A-47EB-BACA-9A600950E9F1}.Debug|Any CPU.Build.0 = Debug|Any CPU
		{CC13AE12-FA5A-47EB-BACA-9A600950E9F1}.Release_Cuda|Any CPU.ActiveCfg = Release|Any CPU
		{CC13AE12-FA5A-47EB-BACA-9A600950E9F1}.Release_Cuda|Any CPU.Build.0 = Release|Any CPU
		{CC13AE12-FA5A-47EB-BACA-9A600950E9F1}.Release_DirectML|Any CPU.ActiveCfg = Release|Any CPU
		{CC13AE12-FA5A-47EB-BACA-9A600950E9F1}.Release_DirectML|Any CPU.Build.0 = Release|Any CPU
		{CC13AE12-FA5A-47EB-BACA-9A600950E9F1}.Release|Any CPU.ActiveCfg = Release|Any CPU
		{CC13AE12-FA5A-47EB-BACA-9A600950E9F1}.Release|Any CPU.Build.0 = Release|Any CPU
		{48184104-457D-4B0B-B7E7-62ACA87E5CA5}.Debug_Cuda|Any CPU.ActiveCfg = Debug|Any CPU
		{48184104-457D-4B0B-B7E7-62ACA87E5CA5}.Debug_Cuda|Any CPU.Build.0 = Debug|Any CPU
		{48184104-457D-4B0B-B7E7-62ACA87E5CA5}.Debug_DirectML|Any CPU.ActiveCfg = Debug|Any CPU
		{48184104-457D-4B0B-B7E7-62ACA87E5CA5}.Debug_DirectML|Any CPU.Build.0 = Debug|Any CPU
		{48184104-457D-4B0B-B7E7-62ACA87E5CA5}.Debug|Any CPU.ActiveCfg = Debug|Any CPU
		{48184104-457D-4B0B-B7E7-62ACA87E5CA5}.Debug|Any CPU.Build.0 = Debug|Any CPU
		{48184104-457D-4B0B-B7E7-62ACA87E5CA5}.Release_Cuda|Any CPU.ActiveCfg = Release|Any CPU
		{48184104-457D-4B0B-B7E7-62ACA87E5CA5}.Release_Cuda|Any CPU.Build.0 = Release|Any CPU
		{48184104-457D-4B0B-B7E7-62ACA87E5CA5}.Release_DirectML|Any CPU.ActiveCfg = Release|Any CPU
		{48184104-457D-4B0B-B7E7-62ACA87E5CA5}.Release_DirectML|Any CPU.Build.0 = Release|Any CPU
		{48184104-457D-4B0B-B7E7-62ACA87E5CA5}.Release|Any CPU.ActiveCfg = Release|Any CPU
		{48184104-457D-4B0B-B7E7-62ACA87E5CA5}.Release|Any CPU.Build.0 = Release|Any CPU
		{A0F1BBA5-52FE-45FD-B70F-232001ED1D85}.Debug_Cuda|Any CPU.ActiveCfg = Debug|Any CPU
		{A0F1BBA5-52FE-45FD-B70F-232001ED1D85}.Debug_Cuda|Any CPU.Build.0 = Debug|Any CPU
		{A0F1BBA5-52FE-45FD-B70F-232001ED1D85}.Debug_DirectML|Any CPU.ActiveCfg = Debug|Any CPU
		{A0F1BBA5-52FE-45FD-B70F-232001ED1D85}.Debug_DirectML|Any CPU.Build.0 = Debug|Any CPU
		{A0F1BBA5-52FE-45FD-B70F-232001ED1D85}.Debug|Any CPU.ActiveCfg = Debug|Any CPU
		{A0F1BBA5-52FE-45FD-B70F-232001ED1D85}.Debug|Any CPU.Build.0 = Debug|Any CPU
		{A0F1BBA5-52FE-45FD-B70F-232001ED1D85}.Release_Cuda|Any CPU.ActiveCfg = Release|Any CPU
		{A0F1BBA5-52FE-45FD-B70F-232001ED1D85}.Release_Cuda|Any CPU.Build.0 = Release|Any CPU
		{A0F1BBA5-52FE-45FD-B70F-232001ED1D85}.Release_DirectML|Any CPU.ActiveCfg = Release|Any CPU
		{A0F1BBA5-52FE-45FD-B70F-232001ED1D85}.Release_DirectML|Any CPU.Build.0 = Release|Any CPU
		{A0F1BBA5-52FE-45FD-B70F-232001ED1D85}.Release|Any CPU.ActiveCfg = Release|Any CPU
		{A0F1BBA5-52FE-45FD-B70F-232001ED1D85}.Release|Any CPU.Build.0 = Release|Any CPU
		{C397056A-B94D-4A21-8BE3-5158F14D8429}.Debug_Cuda|Any CPU.ActiveCfg = Debug|Any CPU
		{C397056A-B94D-4A21-8BE3-5158F14D8429}.Debug_Cuda|Any CPU.Build.0 = Debug|Any CPU
		{C397056A-B94D-4A21-8BE3-5158F14D8429}.Debug_DirectML|Any CPU.ActiveCfg = Debug|Any CPU
		{C397056A-B94D-4A21-8BE3-5158F14D8429}.Debug_DirectML|Any CPU.Build.0 = Debug|Any CPU
		{C397056A-B94D-4A21-8BE3-5158F14D8429}.Debug|Any CPU.ActiveCfg = Debug|Any CPU
		{C397056A-B94D-4A21-8BE3-5158F14D8429}.Debug|Any CPU.Build.0 = Debug|Any CPU
		{C397056A-B94D-4A21-8BE3-5158F14D8429}.Release_Cuda|Any CPU.ActiveCfg = Release|Any CPU
		{C397056A-B94D-4A21-8BE3-5158F14D8429}.Release_Cuda|Any CPU.Build.0 = Release|Any CPU
		{C397056A-B94D-4A21-8BE3-5158F14D8429}.Release_DirectML|Any CPU.ActiveCfg = Release|Any CPU
		{C397056A-B94D-4A21-8BE3-5158F14D8429}.Release_DirectML|Any CPU.Build.0 = Release|Any CPU
		{C397056A-B94D-4A21-8BE3-5158F14D8429}.Release|Any CPU.ActiveCfg = Release|Any CPU
		{C397056A-B94D-4A21-8BE3-5158F14D8429}.Release|Any CPU.Build.0 = Release|Any CPU
		{FF00B59D-D345-45A0-9CB2-84DAF42DCE5C}.Debug_Cuda|Any CPU.ActiveCfg = Debug|Any CPU
		{FF00B59D-D345-45A0-9CB2-84DAF42DCE5C}.Debug_Cuda|Any CPU.Build.0 = Debug|Any CPU
		{FF00B59D-D345-45A0-9CB2-84DAF42DCE5C}.Debug_DirectML|Any CPU.ActiveCfg = Debug|Any CPU
		{FF00B59D-D345-45A0-9CB2-84DAF42DCE5C}.Debug_DirectML|Any CPU.Build.0 = Debug|Any CPU
		{FF00B59D-D345-45A0-9CB2-84DAF42DCE5C}.Debug|Any CPU.ActiveCfg = Debug|Any CPU
		{FF00B59D-D345-45A0-9CB2-84DAF42DCE5C}.Debug|Any CPU.Build.0 = Debug|Any CPU
		{FF00B59D-D345-45A0-9CB2-84DAF42DCE5C}.Release_Cuda|Any CPU.ActiveCfg = Release|Any CPU
		{FF00B59D-D345-45A0-9CB2-84DAF42DCE5C}.Release_Cuda|Any CPU.Build.0 = Release|Any CPU
		{FF00B59D-D345-45A0-9CB2-84DAF42DCE5C}.Release_DirectML|Any CPU.ActiveCfg = Release|Any CPU
		{FF00B59D-D345-45A0-9CB2-84DAF42DCE5C}.Release_DirectML|Any CPU.Build.0 = Release|Any CPU
		{FF00B59D-D345-45A0-9CB2-84DAF42DCE5C}.Release|Any CPU.ActiveCfg = Release|Any CPU
		{FF00B59D-D345-45A0-9CB2-84DAF42DCE5C}.Release|Any CPU.Build.0 = Release|Any CPU
		{4D786543-ACE9-4175-8A5F-835B50CB749E}.Debug_Cuda|Any CPU.ActiveCfg = Debug|Any CPU
		{4D786543-ACE9-4175-8A5F-835B50CB749E}.Debug_Cuda|Any CPU.Build.0 = Debug|Any CPU
		{4D786543-ACE9-4175-8A5F-835B50CB749E}.Debug_DirectML|Any CPU.ActiveCfg = Debug|Any CPU
		{4D786543-ACE9-4175-8A5F-835B50CB749E}.Debug_DirectML|Any CPU.Build.0 = Debug|Any CPU
		{4D786543-ACE9-4175-8A5F-835B50CB749E}.Debug|Any CPU.ActiveCfg = Debug|Any CPU
		{4D786543-ACE9-4175-8A5F-835B50CB749E}.Debug|Any CPU.Build.0 = Debug|Any CPU
		{4D786543-ACE9-4175-8A5F-835B50CB749E}.Release_Cuda|Any CPU.ActiveCfg = Release|Any CPU
		{4D786543-ACE9-4175-8A5F-835B50CB749E}.Release_Cuda|Any CPU.Build.0 = Release|Any CPU
		{4D786543-ACE9-4175-8A5F-835B50CB749E}.Release_DirectML|Any CPU.ActiveCfg = Release|Any CPU
		{4D786543-ACE9-4175-8A5F-835B50CB749E}.Release_DirectML|Any CPU.Build.0 = Release|Any CPU
		{4D786543-ACE9-4175-8A5F-835B50CB749E}.Release|Any CPU.ActiveCfg = Release|Any CPU
		{4D786543-ACE9-4175-8A5F-835B50CB749E}.Release|Any CPU.Build.0 = Release|Any CPU
		{5B85DE48-B2C4-4F1A-B63B-8EC7C903074E}.Debug_Cuda|Any CPU.ActiveCfg = Debug|Any CPU
		{5B85DE48-B2C4-4F1A-B63B-8EC7C903074E}.Debug_Cuda|Any CPU.Build.0 = Debug|Any CPU
		{5B85DE48-B2C4-4F1A-B63B-8EC7C903074E}.Debug_DirectML|Any CPU.ActiveCfg = Debug|Any CPU
		{5B85DE48-B2C4-4F1A-B63B-8EC7C903074E}.Debug_DirectML|Any CPU.Build.0 = Debug|Any CPU
		{5B85DE48-B2C4-4F1A-B63B-8EC7C903074E}.Debug|Any CPU.ActiveCfg = Debug|Any CPU
		{5B85DE48-B2C4-4F1A-B63B-8EC7C903074E}.Debug|Any CPU.Build.0 = Debug|Any CPU
		{5B85DE48-B2C4-4F1A-B63B-8EC7C903074E}.Release_Cuda|Any CPU.ActiveCfg = Release|Any CPU
		{5B85DE48-B2C4-4F1A-B63B-8EC7C903074E}.Release_Cuda|Any CPU.Build.0 = Release|Any CPU
		{5B85DE48-B2C4-4F1A-B63B-8EC7C903074E}.Release_DirectML|Any CPU.ActiveCfg = Release|Any CPU
		{5B85DE48-B2C4-4F1A-B63B-8EC7C903074E}.Release_DirectML|Any CPU.Build.0 = Release|Any CPU
		{5B85DE48-B2C4-4F1A-B63B-8EC7C903074E}.Release|Any CPU.ActiveCfg = Release|Any CPU
		{5B85DE48-B2C4-4F1A-B63B-8EC7C903074E}.Release|Any CPU.Build.0 = Release|Any CPU
		{803A0925-ECFB-4D52-8E15-F42A8A94EB3D}.Debug_Cuda|Any CPU.ActiveCfg = Debug|Any CPU
		{803A0925-ECFB-4D52-8E15-F42A8A94EB3D}.Debug_Cuda|Any CPU.Build.0 = Debug|Any CPU
		{803A0925-ECFB-4D52-8E15-F42A8A94EB3D}.Debug_DirectML|Any CPU.ActiveCfg = Debug|Any CPU
		{803A0925-ECFB-4D52-8E15-F42A8A94EB3D}.Debug_DirectML|Any CPU.Build.0 = Debug|Any CPU
		{803A0925-ECFB-4D52-8E15-F42A8A94EB3D}.Debug|Any CPU.ActiveCfg = Debug|Any CPU
		{803A0925-ECFB-4D52-8E15-F42A8A94EB3D}.Debug|Any CPU.Build.0 = Debug|Any CPU
		{803A0925-ECFB-4D52-8E15-F42A8A94EB3D}.Release_Cuda|Any CPU.ActiveCfg = Release|Any CPU
		{803A0925-ECFB-4D52-8E15-F42A8A94EB3D}.Release_Cuda|Any CPU.Build.0 = Release|Any CPU
		{803A0925-ECFB-4D52-8E15-F42A8A94EB3D}.Release_DirectML|Any CPU.ActiveCfg = Release|Any CPU
		{803A0925-ECFB-4D52-8E15-F42A8A94EB3D}.Release_DirectML|Any CPU.Build.0 = Release|Any CPU
		{803A0925-ECFB-4D52-8E15-F42A8A94EB3D}.Release|Any CPU.ActiveCfg = Release|Any CPU
		{803A0925-ECFB-4D52-8E15-F42A8A94EB3D}.Release|Any CPU.Build.0 = Release|Any CPU
		{A1428C71-4ED0-4A0A-BDFE-BDCFF8D9BC6D}.Debug_Cuda|Any CPU.ActiveCfg = Debug|Any CPU
		{A1428C71-4ED0-4A0A-BDFE-BDCFF8D9BC6D}.Debug_Cuda|Any CPU.Build.0 = Debug|Any CPU
		{A1428C71-4ED0-4A0A-BDFE-BDCFF8D9BC6D}.Debug_DirectML|Any CPU.ActiveCfg = Debug|Any CPU
		{A1428C71-4ED0-4A0A-BDFE-BDCFF8D9BC6D}.Debug_DirectML|Any CPU.Build.0 = Debug|Any CPU
		{A1428C71-4ED0-4A0A-BDFE-BDCFF8D9BC6D}.Debug|Any CPU.ActiveCfg = Debug|Any CPU
		{A1428C71-4ED0-4A0A-BDFE-BDCFF8D9BC6D}.Debug|Any CPU.Build.0 = Debug|Any CPU
		{A1428C71-4ED0-4A0A-BDFE-BDCFF8D9BC6D}.Release_Cuda|Any CPU.ActiveCfg = Release|Any CPU
		{A1428C71-4ED0-4A0A-BDFE-BDCFF8D9BC6D}.Release_Cuda|Any CPU.Build.0 = Release|Any CPU
		{A1428C71-4ED0-4A0A-BDFE-BDCFF8D9BC6D}.Release_DirectML|Any CPU.ActiveCfg = Release|Any CPU
		{A1428C71-4ED0-4A0A-BDFE-BDCFF8D9BC6D}.Release_DirectML|Any CPU.Build.0 = Release|Any CPU
		{A1428C71-4ED0-4A0A-BDFE-BDCFF8D9BC6D}.Release|Any CPU.ActiveCfg = Release|Any CPU
		{A1428C71-4ED0-4A0A-BDFE-BDCFF8D9BC6D}.Release|Any CPU.Build.0 = Release|Any CPU
		{8CF2F550-C3D5-4986-9996-1E78D5AF0C1D}.Debug_Cuda|Any CPU.ActiveCfg = Debug|Any CPU
		{8CF2F550-C3D5-4986-9996-1E78D5AF0C1D}.Debug_Cuda|Any CPU.Build.0 = Debug|Any CPU
		{8CF2F550-C3D5-4986-9996-1E78D5AF0C1D}.Debug_DirectML|Any CPU.ActiveCfg = Debug|Any CPU
		{8CF2F550-C3D5-4986-9996-1E78D5AF0C1D}.Debug_DirectML|Any CPU.Build.0 = Debug|Any CPU
		{8CF2F550-C3D5-4986-9996-1E78D5AF0C1D}.Debug|Any CPU.ActiveCfg = Debug|Any CPU
		{8CF2F550-C3D5-4986-9996-1E78D5AF0C1D}.Debug|Any CPU.Build.0 = Debug|Any CPU
		{8CF2F550-C3D5-4986-9996-1E78D5AF0C1D}.Release_Cuda|Any CPU.ActiveCfg = Release|Any CPU
		{8CF2F550-C3D5-4986-9996-1E78D5AF0C1D}.Release_Cuda|Any CPU.Build.0 = Release|Any CPU
		{8CF2F550-C3D5-4986-9996-1E78D5AF0C1D}.Release_DirectML|Any CPU.ActiveCfg = Release|Any CPU
		{8CF2F550-C3D5-4986-9996-1E78D5AF0C1D}.Release_DirectML|Any CPU.Build.0 = Release|Any CPU
		{8CF2F550-C3D5-4986-9996-1E78D5AF0C1D}.Release|Any CPU.ActiveCfg = Release|Any CPU
		{8CF2F550-C3D5-4986-9996-1E78D5AF0C1D}.Release|Any CPU.Build.0 = Release|Any CPU
		{3088BE35-070A-4423-8DB0-6B32748017D1}.Debug_Cuda|Any CPU.ActiveCfg = Debug|Any CPU
		{3088BE35-070A-4423-8DB0-6B32748017D1}.Debug_Cuda|Any CPU.Build.0 = Debug|Any CPU
		{3088BE35-070A-4423-8DB0-6B32748017D1}.Debug_DirectML|Any CPU.ActiveCfg = Debug|Any CPU
		{3088BE35-070A-4423-8DB0-6B32748017D1}.Debug_DirectML|Any CPU.Build.0 = Debug|Any CPU
		{3088BE35-070A-4423-8DB0-6B32748017D1}.Debug|Any CPU.ActiveCfg = Debug|Any CPU
		{3088BE35-070A-4423-8DB0-6B32748017D1}.Debug|Any CPU.Build.0 = Debug|Any CPU
		{3088BE35-070A-4423-8DB0-6B32748017D1}.Release_Cuda|Any CPU.ActiveCfg = Release|Any CPU
		{3088BE35-070A-4423-8DB0-6B32748017D1}.Release_Cuda|Any CPU.Build.0 = Release|Any CPU
		{3088BE35-070A-4423-8DB0-6B32748017D1}.Release_DirectML|Any CPU.ActiveCfg = Release|Any CPU
		{3088BE35-070A-4423-8DB0-6B32748017D1}.Release_DirectML|Any CPU.Build.0 = Release|Any CPU
		{3088BE35-070A-4423-8DB0-6B32748017D1}.Release|Any CPU.ActiveCfg = Release|Any CPU
		{3088BE35-070A-4423-8DB0-6B32748017D1}.Release|Any CPU.Build.0 = Release|Any CPU
		{D58760E5-DFC9-4300-9119-505955EF519A}.Debug_Cuda|Any CPU.ActiveCfg = Debug|Any CPU
		{D58760E5-DFC9-4300-9119-505955EF519A}.Debug_Cuda|Any CPU.Build.0 = Debug|Any CPU
		{D58760E5-DFC9-4300-9119-505955EF519A}.Debug_DirectML|Any CPU.ActiveCfg = Debug|Any CPU
		{D58760E5-DFC9-4300-9119-505955EF519A}.Debug_DirectML|Any CPU.Build.0 = Debug|Any CPU
		{D58760E5-DFC9-4300-9119-505955EF519A}.Debug|Any CPU.ActiveCfg = Debug|Any CPU
		{D58760E5-DFC9-4300-9119-505955EF519A}.Debug|Any CPU.Build.0 = Debug|Any CPU
		{D58760E5-DFC9-4300-9119-505955EF519A}.Release_Cuda|Any CPU.ActiveCfg = Release|Any CPU
		{D58760E5-DFC9-4300-9119-505955EF519A}.Release_Cuda|Any CPU.Build.0 = Release|Any CPU
		{D58760E5-DFC9-4300-9119-505955EF519A}.Release_DirectML|Any CPU.ActiveCfg = Release|Any CPU
		{D58760E5-DFC9-4300-9119-505955EF519A}.Release_DirectML|Any CPU.Build.0 = Release|Any CPU
		{D58760E5-DFC9-4300-9119-505955EF519A}.Release|Any CPU.ActiveCfg = Release|Any CPU
		{D58760E5-DFC9-4300-9119-505955EF519A}.Release|Any CPU.Build.0 = Release|Any CPU
		{172EC9E9-E19B-4568-A8A4-B15B676382FC}.Debug_Cuda|Any CPU.ActiveCfg = Debug_Cuda|Any CPU
		{172EC9E9-E19B-4568-A8A4-B15B676382FC}.Debug_Cuda|Any CPU.Build.0 = Debug_Cuda|Any CPU
		{172EC9E9-E19B-4568-A8A4-B15B676382FC}.Debug_DirectML|Any CPU.ActiveCfg = Debug_DirectML|Any CPU
		{172EC9E9-E19B-4568-A8A4-B15B676382FC}.Debug_DirectML|Any CPU.Build.0 = Debug_DirectML|Any CPU
		{172EC9E9-E19B-4568-A8A4-B15B676382FC}.Debug|Any CPU.ActiveCfg = Debug|Any CPU
		{172EC9E9-E19B-4568-A8A4-B15B676382FC}.Debug|Any CPU.Build.0 = Debug|Any CPU
		{172EC9E9-E19B-4568-A8A4-B15B676382FC}.Release_Cuda|Any CPU.ActiveCfg = Release_Cuda|Any CPU
		{172EC9E9-E19B-4568-A8A4-B15B676382FC}.Release_Cuda|Any CPU.Build.0 = Release_Cuda|Any CPU
		{172EC9E9-E19B-4568-A8A4-B15B676382FC}.Release_DirectML|Any CPU.ActiveCfg = Release_DirectML|Any CPU
		{172EC9E9-E19B-4568-A8A4-B15B676382FC}.Release_DirectML|Any CPU.Build.0 = Release_DirectML|Any CPU
		{172EC9E9-E19B-4568-A8A4-B15B676382FC}.Release|Any CPU.ActiveCfg = Release|Any CPU
		{172EC9E9-E19B-4568-A8A4-B15B676382FC}.Release|Any CPU.Build.0 = Release|Any CPU
	EndGlobalSection
	GlobalSection(SolutionProperties) = preSolution
		HideSolutionNode = FALSE
	EndGlobalSection
	GlobalSection(NestedProjects) = preSolution
		{A0E23176-11EA-4B41-A761-9C8EA40FB33F} = {36C0C32D-1682-45D7-9581-FD36895C21F7}
		{77AF56CE-7FBA-4AFB-9F36-B390718E0E3F} = {36C0C32D-1682-45D7-9581-FD36895C21F7}
		{E9C59BEE-4C8E-410E-BE9F-5F6A9AEEC253} = {72E1E6A9-3E38-4772-B29E-AF1163A482B1}
		{45430BD3-06D2-4AEF-926F-8DA47C5189A3} = {251F031B-212D-4E29-8150-1AC2EC603587}
		{D7FCD9E2-B497-48F8-810D-40B0CAB6C140} = {72E1E6A9-3E38-4772-B29E-AF1163A482B1}
		{C532D586-ECD4-4934-9879-A36B7CD4531D} = {251F031B-212D-4E29-8150-1AC2EC603587}
		{50AF91B4-BE12-469D-828C-035227B952A6} = {0F9A64E4-1ED3-40ED-9968-2E7C0408506C}
		{80D99EC8-56F4-4678-8976-1F446A0B6203} = {0F9A64E4-1ED3-40ED-9968-2E7C0408506C}
		{3EB10F39-7422-40D9-843B-862ACD6CC5E5} = {949EC42D-9726-45BE-9FE8-36CDAFB48835}
		{C903AC6F-932B-46A1-A1E6-4A1226164142} = {94A12B5F-8C54-4D39-A70A-12AFE42EBEDB}
		{BE3DC43C-BD19-488F-A651-44363F4DDFBF} = {AC05B15A-3BBA-43C6-97E4-563C0060EC3E}
		{F2378C9C-3786-4CEF-9011-C3EC98E162FB} = {251F031B-212D-4E29-8150-1AC2EC603587}
		{CC13AE12-FA5A-47EB-BACA-9A600950E9F1} = {BB3B99B6-5D1D-4A2A-84E7-B19207DC0CD6}
		{48184104-457D-4B0B-B7E7-62ACA87E5CA5} = {72E1E6A9-3E38-4772-B29E-AF1163A482B1}
		{A0F1BBA5-52FE-45FD-B70F-232001ED1D85} = {867A04E1-D902-428A-A825-41AB92A1250C}
		{C397056A-B94D-4A21-8BE3-5158F14D8429} = {867A04E1-D902-428A-A825-41AB92A1250C}
		{FF00B59D-D345-45A0-9CB2-84DAF42DCE5C} = {B01C8328-120C-46F2-9931-DDF4073ADAF9}
		{4D786543-ACE9-4175-8A5F-835B50CB749E} = {949EC42D-9726-45BE-9FE8-36CDAFB48835}
		{5B85DE48-B2C4-4F1A-B63B-8EC7C903074E} = {4BCB36B3-CC83-4460-A1DB-9BE0117D90D0}
		{803A0925-ECFB-4D52-8E15-F42A8A94EB3D} = {0F9A64E4-1ED3-40ED-9968-2E7C0408506C}
		{A1428C71-4ED0-4A0A-BDFE-BDCFF8D9BC6D} = {0F9A64E4-1ED3-40ED-9968-2E7C0408506C}
		{8CF2F550-C3D5-4986-9996-1E78D5AF0C1D} = {867A04E1-D902-428A-A825-41AB92A1250C}
		{3088BE35-070A-4423-8DB0-6B32748017D1} = {36C0C32D-1682-45D7-9581-FD36895C21F7}
		{D58760E5-DFC9-4300-9119-505955EF519A} = {4BCB36B3-CC83-4460-A1DB-9BE0117D90D0}
		{172EC9E9-E19B-4568-A8A4-B15B676382FC} = {50529559-96F0-455E-AC09-3F6E1DFDA922}
	EndGlobalSection
	GlobalSection(ExtensibilityGlobals) = postSolution
		SolutionGuid = {0C86473F-EF44-4D19-92BD-6D51BC56AE31}
	EndGlobalSection
EndGlobal
