
Microsoft Visual Studio Solution File, Format Version 12.00
# Visual Studio Version 17
VisualStudioVersion = 17.9.34616.47
MinimumVisualStudioVersion = 10.0.40219.1
Project("{9A19103F-16F7-4668-BE54-9A1E7A4F7556}") = "sk-tutorial-01", "sk-tutorial-01\sk-tutorial-01.csproj", "{A0E23176-11EA-4B41-A761-9C8EA40FB33F}"
EndProject
Project("{2150E333-8FDC-42A3-9474-1A3956D46DE8}") = "Solution Items", "Solution Items", "{4FA67AEA-2363-4531-BD30-D1B81EC29D29}"
	ProjectSection(SolutionItems) = preProject
		.editorconfig = .editorconfig
		support\ConsoleHelper.cs = support\ConsoleHelper.cs
	EndProjectSection
EndProject
Project("{9A19103F-16F7-4668-BE54-9A1E7A4F7556}") = "sk-tutorial-02", "sk-tutorial-02\sk-tutorial-02.csproj", "{77AF56CE-7FBA-4AFB-9F36-B390718E0E3F}"
EndProject
Project("{9A19103F-16F7-4668-BE54-9A1E7A4F7556}") = "sk-tutorial-03", "sk-tutorial-03\sk-tutorial-03.csproj", "{E9C59BEE-4C8E-410E-BE9F-5F6A9AEEC253}"
EndProject
Project("{2150E333-8FDC-42A3-9474-1A3956D46DE8}") = "PlugIns", "PlugIns", "{251F031B-212D-4E29-8150-1AC2EC603587}"
EndProject
Project("{2150E333-8FDC-42A3-9474-1A3956D46DE8}") = "Question", "Question", "{45430BD3-06D2-4AEF-926F-8DA47C5189A3}"
	ProjectSection(SolutionItems) = preProject
		plugins\Question\config.json = plugins\Question\config.json
		plugins\Question\skprompt.txt = plugins\Question\skprompt.txt
		plugins\Question\skprompt.txt.json = plugins\Question\skprompt.txt.json
	EndProjectSection
EndProject
Project("{9A19103F-16F7-4668-BE54-9A1E7A4F7556}") = "sk-tutorial-04", "sk-tutorial-04\sk-tutorial-04.csproj", "{D7FCD9E2-B497-48F8-810D-40B0CAB6C140}"
EndProject
Project("{2150E333-8FDC-42A3-9474-1A3956D46DE8}") = "SuperHeroJoke", "SuperHeroJoke", "{C532D586-ECD4-4934-9879-A36B7CD4531D}"
	ProjectSection(SolutionItems) = preProject
		plugins\SuperHeroJoke\config.json = plugins\SuperHeroJoke\config.json
		plugins\SuperHeroJoke\skprompt.txt = plugins\SuperHeroJoke\skprompt.txt
	EndProjectSection
EndProject
Project("{9A19103F-16F7-4668-BE54-9A1E7A4F7556}") = "sk-tutorial-05", "sk-tutorial-05\sk-tutorial-05.csproj", "{50AF91B4-BE12-469D-828C-035227B952A6}"
EndProject
Project("{9A19103F-16F7-4668-BE54-9A1E7A4F7556}") = "sk-tutorial-06", "sk-tutorial-06\sk-tutorial-06.csproj", "{80D99EC8-56F4-4678-8976-1F446A0B6203}"
EndProject
Project("{9A19103F-16F7-4668-BE54-9A1E7A4F7556}") = "sk-tutorial-07", "sk-tutorial-07\sk-tutorial-07.csproj", "{3EB10F39-7422-40D9-843B-862ACD6CC5E5}"
EndProject
Project("{9A19103F-16F7-4668-BE54-9A1E7A4F7556}") = "sk-tutorial-08", "sk-tutorial-08\sk-tutorial-08.csproj", "{C903AC6F-932B-46A1-A1E6-4A1226164142}"
EndProject
Project("{9A19103F-16F7-4668-BE54-9A1E7A4F7556}") = "sk-superheroes-10", "sk-superheroes-10\sk-superheroes-10.csproj", "{BE3DC43C-BD19-488F-A651-44363F4DDFBF}"
EndProject
Project("{2150E333-8FDC-42A3-9474-1A3956D46DE8}") = "Joke", "Joke", "{F2378C9C-3786-4CEF-9011-C3EC98E162FB}"
	ProjectSection(SolutionItems) = preProject
		plugins\Joke\config.json = plugins\Joke\config.json
		plugins\Joke\skprompt.txt = plugins\Joke\skprompt.txt
	EndProjectSection
EndProject
Project("{9A19103F-16F7-4668-BE54-9A1E7A4F7556}") = "sk-tutorial-09", "sk-tutorial-09\sk-tutorial-09.csproj", "{CC13AE12-FA5A-47EB-BACA-9A600950E9F1}"
EndProject
Project("{9A19103F-16F7-4668-BE54-9A1E7A4F7556}") = "sk-tutorial-10", "sk-tutorial-10\sk-tutorial-10.csproj", "{48184104-457D-4B0B-B7E7-62ACA87E5CA5}"
EndProject
Project("{FAE04EC0-301F-11D3-BF4B-00C04F79EFBC}") = "sk-tutorial-11", "sk-tutorial-11\sk-tutorial-11.csproj", "{A0F1BBA5-52FE-45FD-B70F-232001ED1D85}"
EndProject
Global
	GlobalSection(SolutionConfigurationPlatforms) = preSolution
		Debug|Any CPU = Debug|Any CPU
		Release|Any CPU = Release|Any CPU
	EndGlobalSection
	GlobalSection(ProjectConfigurationPlatforms) = postSolution
		{A0E23176-11EA-4B41-A761-9C8EA40FB33F}.Debug|Any CPU.ActiveCfg = Debug|Any CPU
		{A0E23176-11EA-4B41-A761-9C8EA40FB33F}.Debug|Any CPU.Build.0 = Debug|Any CPU
		{A0E23176-11EA-4B41-A761-9C8EA40FB33F}.Release|Any CPU.ActiveCfg = Release|Any CPU
		{A0E23176-11EA-4B41-A761-9C8EA40FB33F}.Release|Any CPU.Build.0 = Release|Any CPU
		{77AF56CE-7FBA-4AFB-9F36-B390718E0E3F}.Debug|Any CPU.ActiveCfg = Debug|Any CPU
		{77AF56CE-7FBA-4AFB-9F36-B390718E0E3F}.Debug|Any CPU.Build.0 = Debug|Any CPU
		{77AF56CE-7FBA-4AFB-9F36-B390718E0E3F}.Release|Any CPU.ActiveCfg = Release|Any CPU
		{77AF56CE-7FBA-4AFB-9F36-B390718E0E3F}.Release|Any CPU.Build.0 = Release|Any CPU
		{E9C59BEE-4C8E-410E-BE9F-5F6A9AEEC253}.Debug|Any CPU.ActiveCfg = Debug|Any CPU
		{E9C59BEE-4C8E-410E-BE9F-5F6A9AEEC253}.Debug|Any CPU.Build.0 = Debug|Any CPU
		{E9C59BEE-4C8E-410E-BE9F-5F6A9AEEC253}.Release|Any CPU.ActiveCfg = Release|Any CPU
		{E9C59BEE-4C8E-410E-BE9F-5F6A9AEEC253}.Release|Any CPU.Build.0 = Release|Any CPU
		{D7FCD9E2-B497-48F8-810D-40B0CAB6C140}.Debug|Any CPU.ActiveCfg = Debug|Any CPU
		{D7FCD9E2-B497-48F8-810D-40B0CAB6C140}.Debug|Any CPU.Build.0 = Debug|Any CPU
		{D7FCD9E2-B497-48F8-810D-40B0CAB6C140}.Release|Any CPU.ActiveCfg = Release|Any CPU
		{D7FCD9E2-B497-48F8-810D-40B0CAB6C140}.Release|Any CPU.Build.0 = Release|Any CPU
		{50AF91B4-BE12-469D-828C-035227B952A6}.Debug|Any CPU.ActiveCfg = Debug|Any CPU
		{50AF91B4-BE12-469D-828C-035227B952A6}.Debug|Any CPU.Build.0 = Debug|Any CPU
		{50AF91B4-BE12-469D-828C-035227B952A6}.Release|Any CPU.ActiveCfg = Release|Any CPU
		{50AF91B4-BE12-469D-828C-035227B952A6}.Release|Any CPU.Build.0 = Release|Any CPU
		{80D99EC8-56F4-4678-8976-1F446A0B6203}.Debug|Any CPU.ActiveCfg = Debug|Any CPU
		{80D99EC8-56F4-4678-8976-1F446A0B6203}.Debug|Any CPU.Build.0 = Debug|Any CPU
		{80D99EC8-56F4-4678-8976-1F446A0B6203}.Release|Any CPU.ActiveCfg = Release|Any CPU
		{80D99EC8-56F4-4678-8976-1F446A0B6203}.Release|Any CPU.Build.0 = Release|Any CPU
		{3EB10F39-7422-40D9-843B-862ACD6CC5E5}.Debug|Any CPU.ActiveCfg = Debug|Any CPU
		{3EB10F39-7422-40D9-843B-862ACD6CC5E5}.Debug|Any CPU.Build.0 = Debug|Any CPU
		{3EB10F39-7422-40D9-843B-862ACD6CC5E5}.Release|Any CPU.ActiveCfg = Release|Any CPU
		{3EB10F39-7422-40D9-843B-862ACD6CC5E5}.Release|Any CPU.Build.0 = Release|Any CPU
		{C903AC6F-932B-46A1-A1E6-4A1226164142}.Debug|Any CPU.ActiveCfg = Debug|Any CPU
		{C903AC6F-932B-46A1-A1E6-4A1226164142}.Debug|Any CPU.Build.0 = Debug|Any CPU
		{C903AC6F-932B-46A1-A1E6-4A1226164142}.Release|Any CPU.ActiveCfg = Release|Any CPU
		{C903AC6F-932B-46A1-A1E6-4A1226164142}.Release|Any CPU.Build.0 = Release|Any CPU
		{BE3DC43C-BD19-488F-A651-44363F4DDFBF}.Debug|Any CPU.ActiveCfg = Debug|Any CPU
		{BE3DC43C-BD19-488F-A651-44363F4DDFBF}.Debug|Any CPU.Build.0 = Debug|Any CPU
		{BE3DC43C-BD19-488F-A651-44363F4DDFBF}.Release|Any CPU.ActiveCfg = Release|Any CPU
		{BE3DC43C-BD19-488F-A651-44363F4DDFBF}.Release|Any CPU.Build.0 = Release|Any CPU
		{CC13AE12-FA5A-47EB-BACA-9A600950E9F1}.Debug|Any CPU.ActiveCfg = Debug|Any CPU
		{CC13AE12-FA5A-47EB-BACA-9A600950E9F1}.Debug|Any CPU.Build.0 = Debug|Any CPU
		{CC13AE12-FA5A-47EB-BACA-9A600950E9F1}.Release|Any CPU.ActiveCfg = Release|Any CPU
		{CC13AE12-FA5A-47EB-BACA-9A600950E9F1}.Release|Any CPU.Build.0 = Release|Any CPU
		{48184104-457D-4B0B-B7E7-62ACA87E5CA5}.Debug|Any CPU.ActiveCfg = Debug|Any CPU
		{48184104-457D-4B0B-B7E7-62ACA87E5CA5}.Debug|Any CPU.Build.0 = Debug|Any CPU
		{48184104-457D-4B0B-B7E7-62ACA87E5CA5}.Release|Any CPU.ActiveCfg = Release|Any CPU
		{48184104-457D-4B0B-B7E7-62ACA87E5CA5}.Release|Any CPU.Build.0 = Release|Any CPU
		{A0F1BBA5-52FE-45FD-B70F-232001ED1D85}.Debug|Any CPU.ActiveCfg = Debug|Any CPU
		{A0F1BBA5-52FE-45FD-B70F-232001ED1D85}.Debug|Any CPU.Build.0 = Debug|Any CPU
		{A0F1BBA5-52FE-45FD-B70F-232001ED1D85}.Release|Any CPU.ActiveCfg = Release|Any CPU
		{A0F1BBA5-52FE-45FD-B70F-232001ED1D85}.Release|Any CPU.Build.0 = Release|Any CPU
	EndGlobalSection
	GlobalSection(SolutionProperties) = preSolution
		HideSolutionNode = FALSE
	EndGlobalSection
	GlobalSection(NestedProjects) = preSolution
		{45430BD3-06D2-4AEF-926F-8DA47C5189A3} = {251F031B-212D-4E29-8150-1AC2EC603587}
		{C532D586-ECD4-4934-9879-A36B7CD4531D} = {251F031B-212D-4E29-8150-1AC2EC603587}
		{F2378C9C-3786-4CEF-9011-C3EC98E162FB} = {251F031B-212D-4E29-8150-1AC2EC603587}
	EndGlobalSection
	GlobalSection(ExtensibilityGlobals) = postSolution
		SolutionGuid = {0C86473F-EF44-4D19-92BD-6D51BC56AE31}
	EndGlobalSection
EndGlobal
